
Microsoft Visual Studio Solution File, Format Version 12.00
# Visual Studio Version 16
VisualStudioVersion = 16.0.29806.167
MinimumVisualStudioVersion = 10.0.40219.1
Project("{9A19103F-16F7-4668-BE54-9A1E7A4F7556}") = "WindesheimCalendar.Functions", "WindesheimCalendar.Functions\WindesheimCalendar.Functions.csproj", "{3E7CD823-8B1E-4DA0-A748-E3128AA9A734}"
EndProject
Project("{9A19103F-16F7-4668-BE54-9A1E7A4F7556}") = "WindesheimCalendar.Data", "WindesheimCalendar.Data\WindesheimCalendar.Data.csproj", "{D0BCBD9C-C20F-4047-AA28-EEFABBB0C009}"
EndProject
Global
	GlobalSection(SolutionConfigurationPlatforms) = preSolution
		Debug|Any CPU = Debug|Any CPU
		Release|Any CPU = Release|Any CPU
	EndGlobalSection
	GlobalSection(ProjectConfigurationPlatforms) = postSolution
		{3E7CD823-8B1E-4DA0-A748-E3128AA9A734}.Debug|Any CPU.ActiveCfg = Debug|Any CPU
		{3E7CD823-8B1E-4DA0-A748-E3128AA9A734}.Debug|Any CPU.Build.0 = Debug|Any CPU
		{3E7CD823-8B1E-4DA0-A748-E3128AA9A734}.Release|Any CPU.ActiveCfg = Release|Any CPU
		{3E7CD823-8B1E-4DA0-A748-E3128AA9A734}.Release|Any CPU.Build.0 = Release|Any CPU
		{D0BCBD9C-C20F-4047-AA28-EEFABBB0C009}.Debug|Any CPU.ActiveCfg = Debug|Any CPU
		{D0BCBD9C-C20F-4047-AA28-EEFABBB0C009}.Debug|Any CPU.Build.0 = Debug|Any CPU
		{D0BCBD9C-C20F-4047-AA28-EEFABBB0C009}.Release|Any CPU.ActiveCfg = Release|Any CPU
		{D0BCBD9C-C20F-4047-AA28-EEFABBB0C009}.Release|Any CPU.Build.0 = Release|Any CPU
	EndGlobalSection
	GlobalSection(SolutionProperties) = preSolution
		HideSolutionNode = FALSE
	EndGlobalSection
	GlobalSection(ExtensibilityGlobals) = postSolution
		SolutionGuid = {E82D6752-83A6-42EA-9198-54991757C931}
	EndGlobalSection
EndGlobal
